
Microsoft Visual Studio Solution File, Format Version 12.00
# Visual Studio Version 16
VisualStudioVersion = 16.0.29001.49
MinimumVisualStudioVersion = 10.0.40219.1
Project("{8BC9CEB8-8B4A-11D0-8D11-00A0C91BC942}") = "HELP", "HELP\HELP.vcxproj", "{4792CD77-9882-46AA-B8F5-4D5E6A1DAF52}"
EndProject
Project("{8BC9CEB8-8B4A-11D0-8D11-00A0C91BC942}") = "20190612_基于单链表的教务管理系统", "20190612_基于单链表的教务管理系统\20190612_基于单链表的教务管理系统.vcxproj", "{209F98B1-7CE1-4DA3-AB80-4206532192BC}"
EndProject
Project("{8BC9CEB8-8B4A-11D0-8D11-00A0C91BC942}") = "20190621_基于顺序表的学生管理系统", "20190621_基于顺序表的学生管理系统\20190621_基于顺序表的学生管理系统.vcxproj", "{DDF04DCD-0556-404B-BED1-DE7EE62AF919}"
EndProject
Project("{8BC9CEB8-8B4A-11D0-8D11-00A0C91BC942}") = "20190621_基于顺序表的学生随机点名系统", "20190621_基于顺序表的学生随机点名系统\20190621_基于顺序表的学生随机点名系统.vcxproj", "{710A2DBB-FF98-46E3-B293-351F3F0B3E90}"
EndProject
Project("{8BC9CEB8-8B4A-11D0-8D11-00A0C91BC942}") = "20190622_基于EasyX的推箱子游戏", "20190622_基于EasyX的推箱子游戏\20190622_基于EasyX的推箱子游戏.vcxproj", "{F4369755-114B-42A8-B029-B54507E5ADFE}"
EndProject
Project("{8BC9CEB8-8B4A-11D0-8D11-00A0C91BC942}") = "20190622_基于控制台的简易记事本", "20190622_基于控制台的简易记事本\20190622_基于控制台的简易记事本.vcxproj", "{C36FEEDC-35F0-4ECB-813D-710DAD7E9ADA}"
EndProject
Project("{8BC9CEB8-8B4A-11D0-8D11-00A0C91BC942}") = "20190623_基于文件的学生随机点名系统", "20190623_基于文件的学生随机点名系统\20190623_基于文件的学生随机点名系统.vcxproj", "{741CAC06-61C5-493C-8A07-7883EDA5F6A1}"
EndProject
Project("{8BC9CEB8-8B4A-11D0-8D11-00A0C91BC942}") = "20190623_基于文件的班级管理系统", "20190623_基于文件的班级管理系统\20190623_基于文件的班级管理系统.vcxproj", "{E4378EB8-0762-4294-A6BB-5C37B609669B}"
EndProject
Project("{8BC9CEB8-8B4A-11D0-8D11-00A0C91BC942}") = "20190623_基于链表的学生成绩管理系统", "20190623_基于链表的学生成绩管理系统\20190623_基于链表的学生成绩管理系统.vcxproj", "{7F76438C-E7C9-4941-A999-E5FDD0C71ABC}"
EndProject
Project("{FAE04EC0-301F-11D3-BF4B-00C04F79EFBC}") = "20190624_基于WinForm的翻译工具", "20190624_基于WinForm的翻译工具\20190624_基于WinForm的翻译工具.csproj", "{7AD3C27D-5750-4E16-AE7D-279FA2C89815}"
EndProject
Project("{FAE04EC0-301F-11D3-BF4B-00C04F79EFBC}") = "20190624_基于WinForm的宿舍管理系统", "20190624_基于WinForm的宿舍管理系统\20190624_基于WinForm的宿舍管理系统.csproj", "{800A2293-8708-418B-BDA2-3823B77A582D}"
EndProject
Global
	GlobalSection(SolutionConfigurationPlatforms) = preSolution
		Debug|Any CPU = Debug|Any CPU
		Debug|x64 = Debug|x64
		Debug|x86 = Debug|x86
		Release|Any CPU = Release|Any CPU
		Release|x64 = Release|x64
		Release|x86 = Release|x86
	EndGlobalSection
	GlobalSection(ProjectConfigurationPlatforms) = postSolution
		{4792CD77-9882-46AA-B8F5-4D5E6A1DAF52}.Debug|Any CPU.ActiveCfg = Debug|Win32
		{4792CD77-9882-46AA-B8F5-4D5E6A1DAF52}.Debug|x64.ActiveCfg = Debug|x64
		{4792CD77-9882-46AA-B8F5-4D5E6A1DAF52}.Debug|x64.Build.0 = Debug|x64
		{4792CD77-9882-46AA-B8F5-4D5E6A1DAF52}.Debug|x86.ActiveCfg = Debug|Win32
		{4792CD77-9882-46AA-B8F5-4D5E6A1DAF52}.Debug|x86.Build.0 = Debug|Win32
		{4792CD77-9882-46AA-B8F5-4D5E6A1DAF52}.Release|Any CPU.ActiveCfg = Release|Win32
		{4792CD77-9882-46AA-B8F5-4D5E6A1DAF52}.Release|x64.ActiveCfg = Release|x64
		{4792CD77-9882-46AA-B8F5-4D5E6A1DAF52}.Release|x64.Build.0 = Release|x64
		{4792CD77-9882-46AA-B8F5-4D5E6A1DAF52}.Release|x86.ActiveCfg = Release|Win32
		{4792CD77-9882-46AA-B8F5-4D5E6A1DAF52}.Release|x86.Build.0 = Release|Win32
		{209F98B1-7CE1-4DA3-AB80-4206532192BC}.Debug|Any CPU.ActiveCfg = Debug|Win32
		{209F98B1-7CE1-4DA3-AB80-4206532192BC}.Debug|x64.ActiveCfg = Debug|x64
		{209F98B1-7CE1-4DA3-AB80-4206532192BC}.Debug|x64.Build.0 = Debug|x64
		{209F98B1-7CE1-4DA3-AB80-4206532192BC}.Debug|x86.ActiveCfg = Debug|Win32
		{209F98B1-7CE1-4DA3-AB80-4206532192BC}.Debug|x86.Build.0 = Debug|Win32
		{209F98B1-7CE1-4DA3-AB80-4206532192BC}.Release|Any CPU.ActiveCfg = Release|Win32
		{209F98B1-7CE1-4DA3-AB80-4206532192BC}.Release|x64.ActiveCfg = Release|x64
		{209F98B1-7CE1-4DA3-AB80-4206532192BC}.Release|x64.Build.0 = Release|x64
		{209F98B1-7CE1-4DA3-AB80-4206532192BC}.Release|x86.ActiveCfg = Release|Win32
		{209F98B1-7CE1-4DA3-AB80-4206532192BC}.Release|x86.Build.0 = Release|Win32
		{DDF04DCD-0556-404B-BED1-DE7EE62AF919}.Debug|Any CPU.ActiveCfg = Debug|Win32
		{DDF04DCD-0556-404B-BED1-DE7EE62AF919}.Debug|x64.ActiveCfg = Debug|x64
		{DDF04DCD-0556-404B-BED1-DE7EE62AF919}.Debug|x64.Build.0 = Debug|x64
		{DDF04DCD-0556-404B-BED1-DE7EE62AF919}.Debug|x86.ActiveCfg = Debug|Win32
		{DDF04DCD-0556-404B-BED1-DE7EE62AF919}.Debug|x86.Build.0 = Debug|Win32
		{DDF04DCD-0556-404B-BED1-DE7EE62AF919}.Release|Any CPU.ActiveCfg = Release|Win32
		{DDF04DCD-0556-404B-BED1-DE7EE62AF919}.Release|x64.ActiveCfg = Release|x64
		{DDF04DCD-0556-404B-BED1-DE7EE62AF919}.Release|x64.Build.0 = Release|x64
		{DDF04DCD-0556-404B-BED1-DE7EE62AF919}.Release|x86.ActiveCfg = Release|Win32
		{DDF04DCD-0556-404B-BED1-DE7EE62AF919}.Release|x86.Build.0 = Release|Win32
		{710A2DBB-FF98-46E3-B293-351F3F0B3E90}.Debug|Any CPU.ActiveCfg = Debug|Win32
		{710A2DBB-FF98-46E3-B293-351F3F0B3E90}.Debug|x64.ActiveCfg = Debug|x64
		{710A2DBB-FF98-46E3-B293-351F3F0B3E90}.Debug|x64.Build.0 = Debug|x64
		{710A2DBB-FF98-46E3-B293-351F3F0B3E90}.Debug|x86.ActiveCfg = Debug|Win32
		{710A2DBB-FF98-46E3-B293-351F3F0B3E90}.Debug|x86.Build.0 = Debug|Win32
		{710A2DBB-FF98-46E3-B293-351F3F0B3E90}.Release|Any CPU.ActiveCfg = Release|Win32
		{710A2DBB-FF98-46E3-B293-351F3F0B3E90}.Release|x64.ActiveCfg = Release|x64
		{710A2DBB-FF98-46E3-B293-351F3F0B3E90}.Release|x64.Build.0 = Release|x64
		{710A2DBB-FF98-46E3-B293-351F3F0B3E90}.Release|x86.ActiveCfg = Release|Win32
		{710A2DBB-FF98-46E3-B293-351F3F0B3E90}.Release|x86.Build.0 = Release|Win32
		{F4369755-114B-42A8-B029-B54507E5ADFE}.Debug|Any CPU.ActiveCfg = Debug|Win32
		{F4369755-114B-42A8-B029-B54507E5ADFE}.Debug|x64.ActiveCfg = Debug|x64
		{F4369755-114B-42A8-B029-B54507E5ADFE}.Debug|x64.Build.0 = Debug|x64
		{F4369755-114B-42A8-B029-B54507E5ADFE}.Debug|x86.ActiveCfg = Debug|Win32
		{F4369755-114B-42A8-B029-B54507E5ADFE}.Debug|x86.Build.0 = Debug|Win32
		{F4369755-114B-42A8-B029-B54507E5ADFE}.Release|Any CPU.ActiveCfg = Release|Win32
		{F4369755-114B-42A8-B029-B54507E5ADFE}.Release|x64.ActiveCfg = Release|x64
		{F4369755-114B-42A8-B029-B54507E5ADFE}.Release|x64.Build.0 = Release|x64
		{F4369755-114B-42A8-B029-B54507E5ADFE}.Release|x86.ActiveCfg = Release|Win32
		{F4369755-114B-42A8-B029-B54507E5ADFE}.Release|x86.Build.0 = Release|Win32
		{C36FEEDC-35F0-4ECB-813D-710DAD7E9ADA}.Debug|Any CPU.ActiveCfg = Debug|Win32
		{C36FEEDC-35F0-4ECB-813D-710DAD7E9ADA}.Debug|x64.ActiveCfg = Debug|x64
		{C36FEEDC-35F0-4ECB-813D-710DAD7E9ADA}.Debug|x64.Build.0 = Debug|x64
		{C36FEEDC-35F0-4ECB-813D-710DAD7E9ADA}.Debug|x86.ActiveCfg = Debug|Win32
		{C36FEEDC-35F0-4ECB-813D-710DAD7E9ADA}.Debug|x86.Build.0 = Debug|Win32
		{C36FEEDC-35F0-4ECB-813D-710DAD7E9ADA}.Release|Any CPU.ActiveCfg = Release|Win32
		{C36FEEDC-35F0-4ECB-813D-710DAD7E9ADA}.Release|x64.ActiveCfg = Release|x64
		{C36FEEDC-35F0-4ECB-813D-710DAD7E9ADA}.Release|x64.Build.0 = Release|x64
		{C36FEEDC-35F0-4ECB-813D-710DAD7E9ADA}.Release|x86.ActiveCfg = Release|Win32
		{C36FEEDC-35F0-4ECB-813D-710DAD7E9ADA}.Release|x86.Build.0 = Release|Win32
		{741CAC06-61C5-493C-8A07-7883EDA5F6A1}.Debug|Any CPU.ActiveCfg = Debug|Win32
		{741CAC06-61C5-493C-8A07-7883EDA5F6A1}.Debug|x64.ActiveCfg = Debug|x64
		{741CAC06-61C5-493C-8A07-7883EDA5F6A1}.Debug|x64.Build.0 = Debug|x64
		{741CAC06-61C5-493C-8A07-7883EDA5F6A1}.Debug|x86.ActiveCfg = Debug|Win32
		{741CAC06-61C5-493C-8A07-7883EDA5F6A1}.Debug|x86.Build.0 = Debug|Win32
		{741CAC06-61C5-493C-8A07-7883EDA5F6A1}.Release|Any CPU.ActiveCfg = Release|Win32
		{741CAC06-61C5-493C-8A07-7883EDA5F6A1}.Release|x64.ActiveCfg = Release|x64
		{741CAC06-61C5-493C-8A07-7883EDA5F6A1}.Release|x64.Build.0 = Release|x64
		{741CAC06-61C5-493C-8A07-7883EDA5F6A1}.Release|x86.ActiveCfg = Release|Win32
		{741CAC06-61C5-493C-8A07-7883EDA5F6A1}.Release|x86.Build.0 = Release|Win32
		{E4378EB8-0762-4294-A6BB-5C37B609669B}.Debug|Any CPU.ActiveCfg = Debug|Win32
		{E4378EB8-0762-4294-A6BB-5C37B609669B}.Debug|x64.ActiveCfg = Debug|x64
		{E4378EB8-0762-4294-A6BB-5C37B609669B}.Debug|x64.Build.0 = Debug|x64
		{E4378EB8-0762-4294-A6BB-5C37B609669B}.Debug|x86.ActiveCfg = Debug|Win32
		{E4378EB8-0762-4294-A6BB-5C37B609669B}.Debug|x86.Build.0 = Debug|Win32
		{E4378EB8-0762-4294-A6BB-5C37B609669B}.Release|Any CPU.ActiveCfg = Release|Win32
		{E4378EB8-0762-4294-A6BB-5C37B609669B}.Release|x64.ActiveCfg = Release|x64
		{E4378EB8-0762-4294-A6BB-5C37B609669B}.Release|x64.Build.0 = Release|x64
		{E4378EB8-0762-4294-A6BB-5C37B609669B}.Release|x86.ActiveCfg = Release|Win32
		{E4378EB8-0762-4294-A6BB-5C37B609669B}.Release|x86.Build.0 = Release|Win32
		{7F76438C-E7C9-4941-A999-E5FDD0C71ABC}.Debug|Any CPU.ActiveCfg = Debug|Win32
		{7F76438C-E7C9-4941-A999-E5FDD0C71ABC}.Debug|x64.ActiveCfg = Debug|x64
		{7F76438C-E7C9-4941-A999-E5FDD0C71ABC}.Debug|x64.Build.0 = Debug|x64
		{7F76438C-E7C9-4941-A999-E5FDD0C71ABC}.Debug|x86.ActiveCfg = Debug|Win32
		{7F76438C-E7C9-4941-A999-E5FDD0C71ABC}.Debug|x86.Build.0 = Debug|Win32
		{7F76438C-E7C9-4941-A999-E5FDD0C71ABC}.Release|Any CPU.ActiveCfg = Release|Win32
		{7F76438C-E7C9-4941-A999-E5FDD0C71ABC}.Release|x64.ActiveCfg = Release|x64
		{7F76438C-E7C9-4941-A999-E5FDD0C71ABC}.Release|x64.Build.0 = Release|x64
		{7F76438C-E7C9-4941-A999-E5FDD0C71ABC}.Release|x86.ActiveCfg = Release|Win32
		{7F76438C-E7C9-4941-A999-E5FDD0C71ABC}.Release|x86.Build.0 = Release|Win32
		{7AD3C27D-5750-4E16-AE7D-279FA2C89815}.Debug|Any CPU.ActiveCfg = Debug|Any CPU
		{7AD3C27D-5750-4E16-AE7D-279FA2C89815}.Debug|Any CPU.Build.0 = Debug|Any CPU
		{7AD3C27D-5750-4E16-AE7D-279FA2C89815}.Debug|x64.ActiveCfg = Debug|Any CPU
		{7AD3C27D-5750-4E16-AE7D-279FA2C89815}.Debug|x64.Build.0 = Debug|Any CPU
		{7AD3C27D-5750-4E16-AE7D-279FA2C89815}.Debug|x86.ActiveCfg = Debug|Any CPU
		{7AD3C27D-5750-4E16-AE7D-279FA2C89815}.Debug|x86.Build.0 = Debug|Any CPU
		{7AD3C27D-5750-4E16-AE7D-279FA2C89815}.Release|Any CPU.ActiveCfg = Release|Any CPU
		{7AD3C27D-5750-4E16-AE7D-279FA2C89815}.Release|Any CPU.Build.0 = Release|Any CPU
		{7AD3C27D-5750-4E16-AE7D-279FA2C89815}.Release|x64.ActiveCfg = Release|Any CPU
		{7AD3C27D-5750-4E16-AE7D-279FA2C89815}.Release|x64.Build.0 = Release|Any CPU
		{7AD3C27D-5750-4E16-AE7D-279FA2C89815}.Release|x86.ActiveCfg = Release|Any CPU
		{7AD3C27D-5750-4E16-AE7D-279FA2C89815}.Release|x86.Build.0 = Release|Any CPU
		{800A2293-8708-418B-BDA2-3823B77A582D}.Debug|Any CPU.ActiveCfg = Debug|Any CPU
		{800A2293-8708-418B-BDA2-3823B77A582D}.Debug|Any CPU.Build.0 = Debug|Any CPU
		{800A2293-8708-418B-BDA2-3823B77A582D}.Debug|x64.ActiveCfg = Debug|Any CPU
		{800A2293-8708-418B-BDA2-3823B77A582D}.Debug|x64.Build.0 = Debug|Any CPU
		{800A2293-8708-418B-BDA2-3823B77A582D}.Debug|x86.ActiveCfg = Debug|Any CPU
		{800A2293-8708-418B-BDA2-3823B77A582D}.Debug|x86.Build.0 = Debug|Any CPU
		{800A2293-8708-418B-BDA2-3823B77A582D}.Release|Any CPU.ActiveCfg = Release|Any CPU
		{800A2293-8708-418B-BDA2-3823B77A582D}.Release|Any CPU.Build.0 = Release|Any CPU
		{800A2293-8708-418B-BDA2-3823B77A582D}.Release|x64.ActiveCfg = Release|Any CPU
		{800A2293-8708-418B-BDA2-3823B77A582D}.Release|x64.Build.0 = Release|Any CPU
		{800A2293-8708-418B-BDA2-3823B77A582D}.Release|x86.ActiveCfg = Release|Any CPU
		{800A2293-8708-418B-BDA2-3823B77A582D}.Release|x86.Build.0 = Release|Any CPU
	EndGlobalSection
	GlobalSection(SolutionProperties) = preSolution
		HideSolutionNode = FALSE
	EndGlobalSection
	GlobalSection(ExtensibilityGlobals) = postSolution
		SolutionGuid = {EE64AED3-CC4B-4674-9FB7-9F21A9C731D3}
	EndGlobalSection
EndGlobal
